
Microsoft Visual Studio Solution File, Format Version 12.00
# Visual Studio Version 17
VisualStudioVersion = 17.6.33829.357
MinimumVisualStudioVersion = 10.0.40219.1
Project("{9A19103F-16F7-4668-BE54-9A1E7A4F7556}") = "solarmhc.Web", "solarmhc\solarmhc.Web.csproj", "{3D265C5A-8C2A-4BF5-997D-1F7467375D5F}"
EndProject
Project("{9A19103F-16F7-4668-BE54-9A1E7A4F7556}") = "solarmhc.Models", "WebScraper\solarmhc.Models.csproj", "{ACB7992A-C03F-4E0D-BCB0-81E8CB08BE46}"
EndProject
Project("{9A19103F-16F7-4668-BE54-9A1E7A4F7556}") = "solarmhc.Scraper", "solarmhc.Scraper\solarmhc.Scraper.csproj", "{F15B3A8B-D92B-48E2-8787-B6B2911BA397}"
EndProject
Global
	GlobalSection(SolutionConfigurationPlatforms) = preSolution
		Debug|Any CPU = Debug|Any CPU
		Release|Any CPU = Release|Any CPU
	EndGlobalSection
	GlobalSection(ProjectConfigurationPlatforms) = postSolution
		{3D265C5A-8C2A-4BF5-997D-1F7467375D5F}.Debug|Any CPU.ActiveCfg = Debug|Any CPU
		{3D265C5A-8C2A-4BF5-997D-1F7467375D5F}.Debug|Any CPU.Build.0 = Debug|Any CPU
		{3D265C5A-8C2A-4BF5-997D-1F7467375D5F}.Release|Any CPU.ActiveCfg = Release|Any CPU
		{3D265C5A-8C2A-4BF5-997D-1F7467375D5F}.Release|Any CPU.Build.0 = Release|Any CPU
		{ACB7992A-C03F-4E0D-BCB0-81E8CB08BE46}.Debug|Any CPU.ActiveCfg = Debug|Any CPU
		{ACB7992A-C03F-4E0D-BCB0-81E8CB08BE46}.Debug|Any CPU.Build.0 = Debug|Any CPU
		{ACB7992A-C03F-4E0D-BCB0-81E8CB08BE46}.Release|Any CPU.ActiveCfg = Release|Any CPU
		{ACB7992A-C03F-4E0D-BCB0-81E8CB08BE46}.Release|Any CPU.Build.0 = Release|Any CPU
		{F15B3A8B-D92B-48E2-8787-B6B2911BA397}.Debug|Any CPU.ActiveCfg = Debug|Any CPU
		{F15B3A8B-D92B-48E2-8787-B6B2911BA397}.Debug|Any CPU.Build.0 = Debug|Any CPU
		{F15B3A8B-D92B-48E2-8787-B6B2911BA397}.Release|Any CPU.ActiveCfg = Release|Any CPU
		{F15B3A8B-D92B-48E2-8787-B6B2911BA397}.Release|Any CPU.Build.0 = Release|Any CPU
	EndGlobalSection
	GlobalSection(SolutionProperties) = preSolution
		HideSolutionNode = FALSE
	EndGlobalSection
	GlobalSection(ExtensibilityGlobals) = postSolution
		SolutionGuid = {765027B1-E095-4770-842E-3F782B2BB2D6}
	EndGlobalSection
EndGlobal
